
Microsoft Visual Studio Solution File, Format Version 12.00
# Visual Studio Version 17
VisualStudioVersion = 17.13.35806.99 d17.13
MinimumVisualStudioVersion = 10.0.40219.1
Project("{FAE04EC0-301F-11D3-BF4B-00C04F79EFBC}") = "Prog 2A POE", "Prog 2A POE\Prog 2A POE.csproj", "{3DA7EAAD-ED8E-4904-8A8C-B6831F7ABE8E}"
EndProject
Global
	GlobalSection(SolutionConfigurationPlatforms) = preSolution
		Debug|Any CPU = Debug|Any CPU
		Release|Any CPU = Release|Any CPU
	EndGlobalSection
	GlobalSection(ProjectConfigurationPlatforms) = postSolution
		{3DA7EAAD-ED8E-4904-8A8C-B6831F7ABE8E}.Debug|Any CPU.ActiveCfg = Debug|Any CPU
		{3DA7EAAD-ED8E-4904-8A8C-B6831F7ABE8E}.Debug|Any CPU.Build.0 = Debug|Any CPU
		{3DA7EAAD-ED8E-4904-8A8C-B6831F7ABE8E}.Release|Any CPU.ActiveCfg = Release|Any CPU
		{3DA7EAAD-ED8E-4904-8A8C-B6831F7ABE8E}.Release|Any CPU.Build.0 = Release|Any CPU
	EndGlobalSection
	GlobalSection(SolutionProperties) = preSolution
		HideSolutionNode = FALSE
	EndGlobalSection
	GlobalSection(ExtensibilityGlobals) = postSolution
		SolutionGuid = {BB4E9157-94EA-4324-8C8F-15DAF0CE1FED}
	EndGlobalSection
EndGlobal
